
Microsoft Visual Studio Solution File, Format Version 12.00
# Visual Studio Version 16
VisualStudioVersion = 16.0.30011.22
MinimumVisualStudioVersion = 10.0.40219.1
Project("{FAE04EC0-301F-11D3-BF4B-00C04F79EFBC}") = "MediaWebApp", "MediaWebApp\MediaWebApp.csproj", "{55EFD41F-6673-44F3-9A9E-471BBEB20EEF}"
EndProject
Global
	GlobalSection(SolutionConfigurationPlatforms) = preSolution
		Debug|Any CPU = Debug|Any CPU
		Release|Any CPU = Release|Any CPU
	EndGlobalSection
	GlobalSection(ProjectConfigurationPlatforms) = postSolution
		{55EFD41F-6673-44F3-9A9E-471BBEB20EEF}.Debug|Any CPU.ActiveCfg = Debug|Any CPU
		{55EFD41F-6673-44F3-9A9E-471BBEB20EEF}.Debug|Any CPU.Build.0 = Debug|Any CPU
		{55EFD41F-6673-44F3-9A9E-471BBEB20EEF}.Release|Any CPU.ActiveCfg = Release|Any CPU
		{55EFD41F-6673-44F3-9A9E-471BBEB20EEF}.Release|Any CPU.Build.0 = Release|Any CPU
	EndGlobalSection
	GlobalSection(SolutionProperties) = preSolution
		HideSolutionNode = FALSE
	EndGlobalSection
	GlobalSection(ExtensibilityGlobals) = postSolution
		SolutionGuid = {2A5A6CB7-DD2B-44A8-8295-63869762AA13}
	EndGlobalSection
EndGlobal
